
Microsoft Visual Studio Solution File, Format Version 11.00
# Visual Studio 2010
Project("{FAE04EC0-301F-11D3-BF4B-00C04F79EFBC}") = "HareDu", "HareDu\HareDu.csproj", "{761256E3-3154-410D-A0A6-BF9F7D77B74D}"
EndProject
Project("{2150E333-8FDC-42A3-9474-1A3956D46DE8}") = ".nuget", ".nuget", "{2D8490C1-8EC9-42DC-82EC-DAFE00BA08B1}"
	ProjectSection(SolutionItems) = preProject
		.nuget\NuGet.Config = .nuget\NuGet.Config
		.nuget\NuGet.exe = .nuget\NuGet.exe
		.nuget\NuGet.targets = .nuget\NuGet.targets
	EndProjectSection
EndProject
Project("{FAE04EC0-301F-11D3-BF4B-00C04F79EFBC}") = "HareDu.Tests", "HareDu.Tests\HareDu.Tests.csproj", "{CBEA7454-489D-4F36-9AA9-1FBA791B85A6}"
EndProject
Project("{FAE04EC0-301F-11D3-BF4B-00C04F79EFBC}") = "HareDu.TestHarness", "HareDu.TestHarness\HareDu.TestHarness.csproj", "{E3FBFD8A-86BB-40AE-9543-911DC943DE82}"
EndProject
Global
	GlobalSection(SolutionConfigurationPlatforms) = preSolution
		Debug|Any CPU = Debug|Any CPU
		Debug|Mixed Platforms = Debug|Mixed Platforms
		Debug|x86 = Debug|x86
		Release|Any CPU = Release|Any CPU
		Release|Mixed Platforms = Release|Mixed Platforms
		Release|x86 = Release|x86
	EndGlobalSection
	GlobalSection(ProjectConfigurationPlatforms) = postSolution
		{761256E3-3154-410D-A0A6-BF9F7D77B74D}.Debug|Any CPU.ActiveCfg = Debug|Any CPU
		{761256E3-3154-410D-A0A6-BF9F7D77B74D}.Debug|Any CPU.Build.0 = Debug|Any CPU
		{761256E3-3154-410D-A0A6-BF9F7D77B74D}.Debug|Mixed Platforms.ActiveCfg = Debug|Any CPU
		{761256E3-3154-410D-A0A6-BF9F7D77B74D}.Debug|Mixed Platforms.Build.0 = Debug|Any CPU
		{761256E3-3154-410D-A0A6-BF9F7D77B74D}.Debug|x86.ActiveCfg = Debug|Any CPU
		{761256E3-3154-410D-A0A6-BF9F7D77B74D}.Release|Any CPU.ActiveCfg = Release|Any CPU
		{761256E3-3154-410D-A0A6-BF9F7D77B74D}.Release|Any CPU.Build.0 = Release|Any CPU
		{761256E3-3154-410D-A0A6-BF9F7D77B74D}.Release|Mixed Platforms.ActiveCfg = Release|Any CPU
		{761256E3-3154-410D-A0A6-BF9F7D77B74D}.Release|Mixed Platforms.Build.0 = Release|Any CPU
		{761256E3-3154-410D-A0A6-BF9F7D77B74D}.Release|x86.ActiveCfg = Release|Any CPU
		{CBEA7454-489D-4F36-9AA9-1FBA791B85A6}.Debug|Any CPU.ActiveCfg = Debug|Any CPU
		{CBEA7454-489D-4F36-9AA9-1FBA791B85A6}.Debug|Any CPU.Build.0 = Debug|Any CPU
		{CBEA7454-489D-4F36-9AA9-1FBA791B85A6}.Debug|Mixed Platforms.ActiveCfg = Debug|Any CPU
		{CBEA7454-489D-4F36-9AA9-1FBA791B85A6}.Debug|Mixed Platforms.Build.0 = Debug|Any CPU
		{CBEA7454-489D-4F36-9AA9-1FBA791B85A6}.Debug|x86.ActiveCfg = Debug|Any CPU
		{CBEA7454-489D-4F36-9AA9-1FBA791B85A6}.Release|Any CPU.ActiveCfg = Release|Any CPU
		{CBEA7454-489D-4F36-9AA9-1FBA791B85A6}.Release|Any CPU.Build.0 = Release|Any CPU
		{CBEA7454-489D-4F36-9AA9-1FBA791B85A6}.Release|Mixed Platforms.ActiveCfg = Release|Any CPU
		{CBEA7454-489D-4F36-9AA9-1FBA791B85A6}.Release|Mixed Platforms.Build.0 = Release|Any CPU
		{CBEA7454-489D-4F36-9AA9-1FBA791B85A6}.Release|x86.ActiveCfg = Release|Any CPU
		{E3FBFD8A-86BB-40AE-9543-911DC943DE82}.Debug|Any CPU.ActiveCfg = Debug|x86
		{E3FBFD8A-86BB-40AE-9543-911DC943DE82}.Debug|Mixed Platforms.ActiveCfg = Debug|x86
		{E3FBFD8A-86BB-40AE-9543-911DC943DE82}.Debug|Mixed Platforms.Build.0 = Debug|x86
		{E3FBFD8A-86BB-40AE-9543-911DC943DE82}.Debug|x86.ActiveCfg = Debug|x86
		{E3FBFD8A-86BB-40AE-9543-911DC943DE82}.Debug|x86.Build.0 = Debug|x86
		{E3FBFD8A-86BB-40AE-9543-911DC943DE82}.Release|Any CPU.ActiveCfg = Release|x86
		{E3FBFD8A-86BB-40AE-9543-911DC943DE82}.Release|Mixed Platforms.ActiveCfg = Release|x86
		{E3FBFD8A-86BB-40AE-9543-911DC943DE82}.Release|Mixed Platforms.Build.0 = Release|x86
		{E3FBFD8A-86BB-40AE-9543-911DC943DE82}.Release|x86.ActiveCfg = Release|x86
		{E3FBFD8A-86BB-40AE-9543-911DC943DE82}.Release|x86.Build.0 = Release|x86
	EndGlobalSection
	GlobalSection(SolutionProperties) = preSolution
		HideSolutionNode = FALSE
	EndGlobalSection
EndGlobal
